{
  "name": "wlg-portfolio",
  "version": "1.0.0",
  "lockfileVersion": 3,
  "requires": true,
  "packages": {
    "": {
      "name": "wlg-portfolio",
      "version": "1.0.0",
      "license": "ISC",
      "dependencies": {
        "nestjs": "^0.0.1"
      }
    },
    "node_modules/nestjs": {
      "version": "0.0.1",
      "resolved": "https://registry.npmjs.org/nestjs/-/nestjs-0.0.1.tgz",
      "integrity": "sha512-LJTf2zDRtWE69B6R2DUW6/LCftgVOq3kp3aqxPsB0eei8OX+lW2RFjzREZWRL1GUD/jGdBSMhM3Q5YWLC2uHNg==",
      "license": "ISC"
    }
  }
}
